Microsoft Visual Studio Solution File, Format Version 12.00
# Visual Studio Version 17
VisualStudioVersion = 17.5.2.0
MinimumVisualStudioVersion = 10.0.40219.1
Project("{FAE04EC0-301F-11D3-BF4B-00C04F79EFBC}") = "GroovEcoBlazor1", "GroovEcoBlazor1.csproj", "{52E9650E-B1F7-176E-8671-9CAB970AFF4F}"
EndProject
Global
	GlobalSection(SolutionConfigurationPlatforms) = preSolution
		Debug|Any CPU = Debug|Any CPU
		Release|Any CPU = Release|Any CPU
	EndGlobalSection
	GlobalSection(ProjectConfigurationPlatforms) = postSolution
		{52E9650E-B1F7-176E-8671-9CAB970AFF4F}.Debug|Any CPU.ActiveCfg = Debug|Any CPU
		{52E9650E-B1F7-176E-8671-9CAB970AFF4F}.Debug|Any CPU.Build.0 = Debug|Any CPU
		{52E9650E-B1F7-176E-8671-9CAB970AFF4F}.Release|Any CPU.ActiveCfg = Release|Any CPU
		{52E9650E-B1F7-176E-8671-9CAB970AFF4F}.Release|Any CPU.Build.0 = Release|Any CPU
	EndGlobalSection
	GlobalSection(SolutionProperties) = preSolution
		HideSolutionNode = FALSE
	EndGlobalSection
	GlobalSection(ExtensibilityGlobals) = postSolution
		SolutionGuid = {2EC819AF-ABB7-41B2-B5E3-81985271FFC1}
	EndGlobalSection
EndGlobal
